github.com/elastic/go-elasticsearch/v8 v8.0.0-20200521065016-b05f73fe0dcf h1:k228xv2aLpyy5qtjI6nE6akAfZnaUm5GimSEqUKkLDU=
github.com/elastic/go-elasticsearch/v8 v8.0.0-20200521065016-b05f73fe0dcf/go.mod h1:xe9a/L2aeOgFKKgrO3ibQTnMdpAeL0GC+5/HpGScSa4=
github.com/gorilla/mux v1.7.4 h1:VuZ8uybHlWmqV03+zRzdwKL4tUnIp1MAQtp1mIFE1bc=
github.com/gorilla/mux v1.7.4/go.mod h1:DVbg23sWSpFRCP0SfiEN6jmj59UnW/n46BH5rLB71So=
